
Microsoft Visual Studio Solution File, Format Version 12.00
# Visual Studio Version 17
VisualStudioVersion = 17.5.002.0
MinimumVisualStudioVersion = 10.0.40219.1
Project("{9A19103F-16F7-4668-BE54-9A1E7A4F7556}") = "task68", "task68.csproj", "{EFCDABEE-40DC-49E9-895D-98C8293803DC}"
EndProject
Global
	GlobalSection(SolutionConfigurationPlatforms) = preSolution
		Debug|Any CPU = Debug|Any CPU
		Release|Any CPU = Release|Any CPU
	EndGlobalSection
	GlobalSection(ProjectConfigurationPlatforms) = postSolution
		{EFCDABEE-40DC-49E9-895D-98C8293803DC}.Debug|Any CPU.ActiveCfg = Debug|Any CPU
		{EFCDABEE-40DC-49E9-895D-98C8293803DC}.Debug|Any CPU.Build.0 = Debug|Any CPU
		{EFCDABEE-40DC-49E9-895D-98C8293803DC}.Release|Any CPU.ActiveCfg = Release|Any CPU
		{EFCDABEE-40DC-49E9-895D-98C8293803DC}.Release|Any CPU.Build.0 = Release|Any CPU
	EndGlobalSection
	GlobalSection(SolutionProperties) = preSolution
		HideSolutionNode = FALSE
	EndGlobalSection
	GlobalSection(ExtensibilityGlobals) = postSolution
		SolutionGuid = {343B0B15-7607-4D74-BBFE-3712222D9F72}
	EndGlobalSection
EndGlobal
